
Microsoft Visual Studio Solution File, Format Version 12.00
# Visual Studio 2015
Project("{FAE04EC0-301F-11D3-BF4B-00C04F79EFBC}") = "Rags _ Reason.CSharp.Plugins", "Rags _ Reason.CSharp.Plugins.csproj", "{7858524B-A5BF-ECE1-9085-3FADB71273DC}"
EndProject
Project("{FAE04EC0-301F-11D3-BF4B-00C04F79EFBC}") = "Rags _ Reason.CSharp", "Rags _ Reason.CSharp.csproj", "{993C73C4-4722-01D8-B378-5C7A04276F34}"
EndProject
Project("{FAE04EC0-301F-11D3-BF4B-00C04F79EFBC}") = "Rags _ Reason.CSharp.Editor", "Rags _ Reason.CSharp.Editor.csproj", "{9883B699-323D-42C7-146C-50CD41808C93}"
EndProject
Global
	GlobalSection(SolutionConfigurationPlatforms) = preSolution
		Debug|Any CPU = Debug|Any CPU
		Release|Any CPU = Release|Any CPU
	EndGlobalSection
	GlobalSection(ProjectConfigurationPlatforms) = postSolution
		{7858524B-A5BF-ECE1-9085-3FADB71273DC}.Debug|Any CPU.ActiveCfg = Debug|Any CPU
		{7858524B-A5BF-ECE1-9085-3FADB71273DC}.Debug|Any CPU.Build.0 = Debug|Any CPU
		{7858524B-A5BF-ECE1-9085-3FADB71273DC}.Release|Any CPU.ActiveCfg = Release|Any CPU
		{7858524B-A5BF-ECE1-9085-3FADB71273DC}.Release|Any CPU.Build.0 = Release|Any CPU
		{993C73C4-4722-01D8-B378-5C7A04276F34}.Debug|Any CPU.ActiveCfg = Debug|Any CPU
		{993C73C4-4722-01D8-B378-5C7A04276F34}.Debug|Any CPU.Build.0 = Debug|Any CPU
		{993C73C4-4722-01D8-B378-5C7A04276F34}.Release|Any CPU.ActiveCfg = Release|Any CPU
		{993C73C4-4722-01D8-B378-5C7A04276F34}.Release|Any CPU.Build.0 = Release|Any CPU
		{9883B699-323D-42C7-146C-50CD41808C93}.Debug|Any CPU.ActiveCfg = Debug|Any CPU
		{9883B699-323D-42C7-146C-50CD41808C93}.Debug|Any CPU.Build.0 = Debug|Any CPU
		{9883B699-323D-42C7-146C-50CD41808C93}.Release|Any CPU.ActiveCfg = Release|Any CPU
		{9883B699-323D-42C7-146C-50CD41808C93}.Release|Any CPU.Build.0 = Release|Any CPU
	EndGlobalSection
	GlobalSection(SolutionProperties) = preSolution
		HideSolutionNode = FALSE
	EndGlobalSection
EndGlobal
